
Microsoft Visual Studio Solution File, Format Version 12.00
# Visual Studio 15
VisualStudioVersion = 15.0.28307.1000
MinimumVisualStudioVersion = 10.0.40219.1
Project("{FAE04EC0-301F-11D3-BF4B-00C04F79EFBC}") = "GDE_New", "GDE_New\GDE_New.csproj", "{59200EF0-00A1-412E-A0BB-BE60C8DB730A}"
EndProject
Project("{FAE04EC0-301F-11D3-BF4B-00C04F79EFBC}") = "GameCode", "GameCode\GameCode.csproj", "{4965B3D2-A54B-42DA-BC6A-853EFFA392CE}"
EndProject
Project("{FAE04EC0-301F-11D3-BF4B-00C04F79EFBC}") = "GameEngine", "GameEngine\GameEngine.csproj", "{2F05F85B-395F-4F7F-BDE6-C8BE18922F1E}"
EndProject
Global
	GlobalSection(SolutionConfigurationPlatforms) = preSolution
		Debug|Any CPU = Debug|Any CPU
		Release|Any CPU = Release|Any CPU
	EndGlobalSection
	GlobalSection(ProjectConfigurationPlatforms) = postSolution
		{59200EF0-00A1-412E-A0BB-BE60C8DB730A}.Debug|Any CPU.ActiveCfg = Debug|Any CPU
		{59200EF0-00A1-412E-A0BB-BE60C8DB730A}.Debug|Any CPU.Build.0 = Debug|Any CPU
		{59200EF0-00A1-412E-A0BB-BE60C8DB730A}.Release|Any CPU.ActiveCfg = Release|Any CPU
		{59200EF0-00A1-412E-A0BB-BE60C8DB730A}.Release|Any CPU.Build.0 = Release|Any CPU
		{4965B3D2-A54B-42DA-BC6A-853EFFA392CE}.Debug|Any CPU.ActiveCfg = Debug|Any CPU
		{4965B3D2-A54B-42DA-BC6A-853EFFA392CE}.Debug|Any CPU.Build.0 = Debug|Any CPU
		{4965B3D2-A54B-42DA-BC6A-853EFFA392CE}.Release|Any CPU.ActiveCfg = Release|Any CPU
		{4965B3D2-A54B-42DA-BC6A-853EFFA392CE}.Release|Any CPU.Build.0 = Release|Any CPU
		{2F05F85B-395F-4F7F-BDE6-C8BE18922F1E}.Debug|Any CPU.ActiveCfg = Debug|Any CPU
		{2F05F85B-395F-4F7F-BDE6-C8BE18922F1E}.Debug|Any CPU.Build.0 = Debug|Any CPU
		{2F05F85B-395F-4F7F-BDE6-C8BE18922F1E}.Release|Any CPU.ActiveCfg = Release|Any CPU
		{2F05F85B-395F-4F7F-BDE6-C8BE18922F1E}.Release|Any CPU.Build.0 = Release|Any CPU
	EndGlobalSection
	GlobalSection(SolutionProperties) = preSolution
		HideSolutionNode = FALSE
	EndGlobalSection
	GlobalSection(ExtensibilityGlobals) = postSolution
		SolutionGuid = {60C48301-803C-4B2B-AAD2-6582867F0388}
	EndGlobalSection
EndGlobal
